
Microsoft Visual Studio Solution File, Format Version 12.00
# Visual Studio Version 17
VisualStudioVersion = 17.5.33502.453
MinimumVisualStudioVersion = 10.0.40219.1
Project("{FAE04EC0-301F-11D3-BF4B-00C04F79EFBC}") = "SegundoParcialCuenta", "SegundoParcialCuenta\SegundoParcialCuenta.csproj", "{9BBB1CAD-1014-4242-B7EA-39306FA8BDF5}"
EndProject
Project("{FAE04EC0-301F-11D3-BF4B-00C04F79EFBC}") = "infraestructure", "infraestructure\infraestructure.csproj", "{A143EB09-7B21-40BF-8DF8-10448A02928E}"
EndProject
Project("{FAE04EC0-301F-11D3-BF4B-00C04F79EFBC}") = "Services", "Services\Services.csproj", "{8A09DF73-BF9F-4EB2-AA8A-674E5C416585}"
EndProject
Global
	GlobalSection(SolutionConfigurationPlatforms) = preSolution
		Debug|Any CPU = Debug|Any CPU
		Release|Any CPU = Release|Any CPU
	EndGlobalSection
	GlobalSection(ProjectConfigurationPlatforms) = postSolution
		{9BBB1CAD-1014-4242-B7EA-39306FA8BDF5}.Debug|Any CPU.ActiveCfg = Debug|Any CPU
		{9BBB1CAD-1014-4242-B7EA-39306FA8BDF5}.Debug|Any CPU.Build.0 = Debug|Any CPU
		{9BBB1CAD-1014-4242-B7EA-39306FA8BDF5}.Release|Any CPU.ActiveCfg = Release|Any CPU
		{9BBB1CAD-1014-4242-B7EA-39306FA8BDF5}.Release|Any CPU.Build.0 = Release|Any CPU
		{A143EB09-7B21-40BF-8DF8-10448A02928E}.Debug|Any CPU.ActiveCfg = Debug|Any CPU
		{A143EB09-7B21-40BF-8DF8-10448A02928E}.Debug|Any CPU.Build.0 = Debug|Any CPU
		{A143EB09-7B21-40BF-8DF8-10448A02928E}.Release|Any CPU.ActiveCfg = Release|Any CPU
		{A143EB09-7B21-40BF-8DF8-10448A02928E}.Release|Any CPU.Build.0 = Release|Any CPU
		{8A09DF73-BF9F-4EB2-AA8A-674E5C416585}.Debug|Any CPU.ActiveCfg = Debug|Any CPU
		{8A09DF73-BF9F-4EB2-AA8A-674E5C416585}.Debug|Any CPU.Build.0 = Debug|Any CPU
		{8A09DF73-BF9F-4EB2-AA8A-674E5C416585}.Release|Any CPU.ActiveCfg = Release|Any CPU
		{8A09DF73-BF9F-4EB2-AA8A-674E5C416585}.Release|Any CPU.Build.0 = Release|Any CPU
	EndGlobalSection
	GlobalSection(SolutionProperties) = preSolution
		HideSolutionNode = FALSE
	EndGlobalSection
	GlobalSection(ExtensibilityGlobals) = postSolution
		SolutionGuid = {44156856-AD0E-48ED-BE77-9CDC49BCD9B2}
	EndGlobalSection
EndGlobal
